// !$*UTF8*$!
{
	archiveVersion = 1;
	classes = {
	};
	objectVersion = 46;
	objects = {

/* Begin PBXBuildFile section */
		56E8E9DA18DE68E400B8807D /* Foundation.framework in Frameworks */ = {isa = PBXBuildFile; fileRef = 56E8E9D918DE68E400B8807D /* Foundation.framework */; };
		56E8E9DC18DE68E400B8807D /* CoreGraphics.framework in Frameworks */ = {isa = PBXBuildFile; fileRef = 56E8E9DB18DE68E400B8807D /* CoreGraphics.framework */; };
		56E8E9DE18DE68E400B8807D /* UIKit.framework in Frameworks */ = {isa = PBXBuildFile; fileRef = 56E8E9DD18DE68E400B8807D /* UIKit.framework */; };
		56E8E9E418DE68E400B8807D /* InfoPlist.strings in Resources */ = {isa = PBXBuildFile; fileRef = 56E8E9E218DE68E400B8807D /* InfoPlist.strings */; };
		56E8E9E618DE68E400B8807D /* main.m in Sources */ = {isa = PBXBuildFile; fileRef = 56E8E9E518DE68E400B8807D /* main.m */; };
		56E8E9EA18DE68E400B8807D /* AutoAppDelegate.m in Sources */ = {isa = PBXBuildFile; fileRef = 56E8E9E918DE68E400B8807D /* AutoAppDelegate.m */; };
		56E8E9ED18DE68E400B8807D /* Main.storyboard in Resources */ = {isa = PBXBuildFile; fileRef = 56E8E9EB18DE68E400B8807D /* Main.storyboard */; };
		56E8E9F018DE68E400B8807D /* AutoViewController.m in Sources */ = {isa = PBXBuildFile; fileRef = 56E8E9EF18DE68E400B8807D /* AutoViewController.m */; };
		56E8E9F218DE68E400B8807D /* Images.xcassets in Resources */ = {isa = PBXBuildFile; fileRef = 56E8E9F118DE68E400B8807D /* Images.xcassets */; };
		56E8E9F918DE68E400B8807D /* XCTest.framework in Frameworks */ = {isa = PBXBuildFile; fileRef = 56E8E9F818DE68E400B8807D /* XCTest.framework */; };
		56E8E9FA18DE68E400B8807D /* Foundation.framework in Frameworks */ = {isa = PBXBuildFile; fileRef = 56E8E9D918DE68E400B8807D /* Foundation.framework */; };
		56E8E9FB18DE68E400B8807D /* UIKit.framework in Frameworks */ = {isa = PBXBuildFile; fileRef = 56E8E9DD18DE68E400B8807D /* UIKit.framework */; };
		56E8EA0318DE68E400B8807D /* InfoPlist.strings in Resources */ = {isa = PBXBuildFile; fileRef = 56E8EA0118DE68E400B8807D /* InfoPlist.strings */; };
		56E8EA0518DE68E400B8807D /* SpringEffectsTests.m in Sources */ = {isa = PBXBuildFile; fileRef = 56E8EA0418DE68E400B8807D /* SpringEffectsTests.m */; };
/* End PBXBuildFile section */

/* Begin PBXContainerItemProxy section */
		56E8E9FC18DE68E400B8807D /* PBXContainerItemProxy */ = {
			isa = PBXContainerItemProxy;
			containerPortal = 56E8E9CE18DE68E400B8807D /* Project object */;
			proxyType = 1;
			remoteGlobalIDString = 56E8E9D518DE68E400B8807D;
			remoteInfo = SpringEffects;
		};
/* End PBXContainerItemProxy section */

/* Begin PBXFileReference section */
		56E8E9D618DE68E400B8807D /* SpringEffects.app */ = {isa = PBXFileReference; explicitFileType = wrapper.application; includeInIndex = 0; path = SpringEffects.app; sourceTree = BUILT_PRODUCTS_DIR; };
		56E8E9D918DE68E400B8807D /* Foundation.framework */ = {isa = PBXFileReference; lastKnownFileType = wrapper.framework; name = Foundation.framework; path = System/Library/Frameworks/Foundation.framework; sourceTree = SDKROOT; };
		56E8E9DB18DE68E400B8807D /* CoreGraphics.framework */ = {isa = PBXFileReference; lastKnownFileType = wrapper.framework; name = CoreGraphics.framework; path = System/Library/Frameworks/CoreGraphics.framework; sourceTree = SDKROOT; };
		56E8E9DD18DE68E400B8807D /* UIKit.framework */ = {isa = PBXFileReference; lastKnownFileType = wrapper.framework; name = UIKit.framework; path = System/Library/Frameworks/UIKit.framework; sourceTree = SDKROOT; };
		56E8E9E118DE68E400B8807D /* SpringEffects-Info.plist */ = {isa = PBXFileReference; lastKnownFileType = text.plist.xml; path = "SpringEffects-Info.plist"; sourceTree = "<group>"; };
		56E8E9E318DE68E400B8807D /* en */ = {isa = PBXFileReference; lastKnownFileType = text.plist.strings; name = en; path = en.lproj/InfoPlist.strings; sourceTree = "<group>"; };
		56E8E9E518DE68E400B8807D /* main.m */ = {isa = PBXFileReference; lastKnownFileType = sourcecode.c.objc; path = main.m; sourceTree = "<group>"; };
		56E8E9E718DE68E400B8807D /* SpringEffects-Prefix.pch */ = {isa = PBXFileReference; lastKnownFileType = sourcecode.c.h; path = "SpringEffects-Prefix.pch"; sourceTree = "<group>"; };
		56E8E9E818DE68E400B8807D /* AutoAppDelegate.h */ = {isa = PBXFileReference; lastKnownFileType = sourcecode.c.h; path = AutoAppDelegate.h; sourceTree = "<group>"; };
		56E8E9E918DE68E400B8807D /* AutoAppDelegate.m */ = {isa = PBXFileReference; lastKnownFileType = sourcecode.c.objc; path = AutoAppDelegate.m; sourceTree = "<group>"; };
		56E8E9EC18DE68E400B8807D /* Base */ = {isa = PBXFileReference; lastKnownFileType = file.storyboard; name = Base; path = Base.lproj/Main.storyboard; sourceTree = "<group>"; };
		56E8E9EE18DE68E400B8807D /* AutoViewController.h */ = {isa = PBXFileReference; lastKnownFileType = sourcecode.c.h; path = AutoViewController.h; sourceTree = "<group>"; };
		56E8E9EF18DE68E400B8807D /* AutoViewController.m */ = {isa = PBXFileReference; lastKnownFileType = sourcecode.c.objc; path = AutoViewController.m; sourceTree = "<group>"; };
		56E8E9F118DE68E400B8807D /* Images.xcassets */ = {isa = PBXFileReference; lastKnownFileType = folder.assetcatalog; path = Images.xcassets; sourceTree = "<group>"; };
		56E8E9F718DE68E400B8807D /* SpringEffectsTests.xctest */ = {isa = PBXFileReference; explicitFileType = wrapper.cfbundle; includeInIndex = 0; path = SpringEffectsTests.xctest; sourceTree = BUILT_PRODUCTS_DIR; };
		56E8E9F818DE68E400B8807D /* XCTest.framework */ = {isa = PBXFileReference; lastKnownFileType = wrapper.framework; name = XCTest.framework; path = Library/Frameworks/XCTest.framework; sourceTree = DEVELOPER_DIR; };
		56E8EA0018DE68E400B8807D /* SpringEffectsTests-Info.plist */ = {isa = PBXFileReference; lastKnownFileType = text.plist.xml; path = "SpringEffectsTests-Info.plist"; sourceTree = "<group>"; };
		56E8EA0218DE68E400B8807D /* en */ = {isa = PBXFileReference; lastKnownFileType = text.plist.strings; name = en; path = en.lproj/InfoPlist.strings; sourceTree = "<group>"; };
		56E8EA0418DE68E400B8807D /* SpringEffectsTests.m */ = {isa = PBXFileReference; lastKnownFileType = sourcecode.c.objc; path = SpringEffectsTests.m; sourceTree = "<group>"; };
/* End PBXFileReference section */

/* Begin PBXFrameworksBuildPhase section */
		56E8E9D318DE68E400B8807D /* Frameworks */ = {
			isa = PBXFrameworksBuildPhase;
			buildActionMask = 2147483647;
			files = (
				56E8E9DC18DE68E400B8807D /* CoreGraphics.framework in Frameworks */,
				56E8E9DE18DE68E400B8807D /* UIKit.framework in Frameworks */,
				56E8E9DA18DE68E400B8807D /* Foundation.framework in Frameworks */,
			);
			runOnlyForDeploymentPostprocessing = 0;
		};
		56E8E9F418DE68E400B8807D /* Frameworks */ = {
			isa = PBXFrameworksBuildPhase;
			buildActionMask = 2147483647;
			files = (
				56E8E9F918DE68E400B8807D /* XCTest.framework in Frameworks */,
				56E8E9FB18DE68E400B8807D /* UIKit.framework in Frameworks */,
				56E8E9FA18DE68E400B8807D /* Foundation.framework in Frameworks */,
			);
			runOnlyForDeploymentPostprocessing = 0;
		};
/* End PBXFrameworksBuildPhase section */

/* Begin PBXGroup section */
		56E8E9CD18DE68E400B8807D = {
			isa = PBXGroup;
			children = (
				56E8E9DF18DE68E400B8807D /* SpringEffects */,
				56E8E9FE18DE68E400B8807D /* SpringEffectsTests */,
				56E8E9D818DE68E400B8807D /* Frameworks */,
				56E8E9D718DE68E400B8807D /* Products */,
			);
			sourceTree = "<group>";
		};
		56E8E9D718DE68E400B8807D /* Products */ = {
			isa = PBXGroup;
			children = (
				56E8E9D618DE68E400B8807D /* SpringEffects.app */,
				56E8E9F718DE68E400B8807D /* SpringEffectsTests.xctest */,
			);
			name = Products;
			sourceTree = "<group>";
		};
		56E8E9D818DE68E400B8807D /* Frameworks */ = {
			isa = PBXGroup;
			children = (
				56E8E9D918DE68E400B8807D /* Foundation.framework */,
				56E8E9DB18DE68E400B8807D /* CoreGraphics.framework */,
				56E8E9DD18DE68E400B8807D /* UIKit.framework */,
				56E8E9F818DE68E400B8807D /* XCTest.framework */,
			);
			name = Frameworks;
			sourceTree = "<group>";
		};
		56E8E9DF18DE68E400B8807D /* SpringEffects */ = {
			isa = PBXGroup;
			children = (
				56E8E9E818DE68E400B8807D /* AutoAppDelegate.h */,
				56E8E9E918DE68E400B8807D /* AutoAppDelegate.m */,
				56E8E9EB18DE68E400B8807D /* Main.storyboard */,
				56E8E9EE18DE68E400B8807D /* AutoViewController.h */,
				56E8E9EF18DE68E400B8807D /* AutoViewController.m */,
				56E8E9F118DE68E400B8807D /* Images.xcassets */,
				56E8E9E018DE68E400B8807D /* Supporting Files */,
			);
			path = SpringEffects;
			sourceTree = "<group>";
		};
		56E8E9E018DE68E400B8807D /* Supporting Files */ = {
			isa = PBXGroup;
			children = (
				56E8E9E118DE68E400B8807D /* SpringEffects-Info.plist */,
				56E8E9E218DE68E400B8807D /* InfoPlist.strings */,
				56E8E9E518DE68E400B8807D /* main.m */,
				56E8E9E718DE68E400B8807D /* SpringEffects-Prefix.pch */,
			);
			name = "Supporting Files";
			sourceTree = "<group>";
		};
		56E8E9FE18DE68E400B8807D /* SpringEffectsTests */ = {
			isa = PBXGroup;
			children = (
				56E8EA0418DE68E400B8807D /* SpringEffectsTests.m */,
				56E8E9FF18DE68E400B8807D /* Supporting Files */,
			);
			path = SpringEffectsTests;
			sourceTree = "<group>";
		};
		56E8E9FF18DE68E400B8807D /* Supporting Files */ = {
			isa = PBXGroup;
			children = (
				56E8EA0018DE68E400B8807D /* SpringEffectsTests-Info.plist */,
				56E8EA0118DE68E400B8807D /* InfoPlist.strings */,
			);
			name = "Supporting Files";
			sourceTree = "<group>";
		};
/* End PBXGroup section */

/* Begin PBXNativeTarget section */
		56E8E9D518DE68E400B8807D /* SpringEffects */ = {
			isa = PBXNativeTarget;
			buildConfigurationList = 56E8EA0818DE68E400B8807D /* Build configuration list for PBXNativeTarget "SpringEffects" */;
			buildPhases = (
				56E8E9D218DE68E400B8807D /* Sources */,
				56E8E9D318DE68E400B8807D /* Frameworks */,
				56E8E9D418DE68E400B8807D /* Resources */,
			);
			buildRules = (
			);
			dependencies = (
			);
			name = SpringEffects;
			productName = SpringEffects;
			productReference = 56E8E9D618DE68E400B8807D /* SpringEffects.app */;
			productType = "com.apple.product-type.application";
		};
		56E8E9F618DE68E400B8807D /* SpringEffectsTests */ = {
			isa = PBXNativeTarget;
			buildConfigurationList = 56E8EA0B18DE68E400B8807D /* Build configuration list for PBXNativeTarget "SpringEffectsTests" */;
			buildPhases = (
				56E8E9F318DE68E400B8807D /* Sources */,
				56E8E9F418DE68E400B8807D /* Frameworks */,
				56E8E9F518DE68E400B8807D /* Resources */,
			);
			buildRules = (
			);
			dependencies = (
				56E8E9FD18DE68E400B8807D /* PBXTargetDependency */,
			);
			name = SpringEffectsTests;
			productName = SpringEffectsTests;
			productReference = 56E8E9F718DE68E400B8807D /* SpringEffectsTests.xctest */;
			productType = "com.apple.product-type.bundle.unit-test";
		};
/* End PBXNativeTarget section */

/* Begin PBXProject section */
		56E8E9CE18DE68E400B8807D /* Project object */ = {
			isa = PBXProject;
			attributes = {
				CLASSPREFIX = Auto;
				LastUpgradeCheck = 0510;
				ORGANIZATIONNAME = iOSPages;
				TargetAttributes = {
					56E8E9F618DE68E400B8807D = {
						TestTargetID = 56E8E9D518DE68E400B8807D;
					};
				};
			};
			buildConfigurationList = 56E8E9D118DE68E400B8807D /* Build configuration list for PBXProject "SpringEffects" */;
			compatibilityVersion = "Xcode 3.2";
			developmentRegion = English;
			hasScannedForEncodings = 0;
			knownRegions = (
				en,
				Base,
			);
			mainGroup = 56E8E9CD18DE68E400B8807D;
			productRefGroup = 56E8E9D718DE68E400B8807D /* Products */;
			projectDirPath = "";
			projectRoot = "";
			targets = (
				56E8E9D518DE68E400B8807D /* SpringEffects */,
				56E8E9F618DE68E400B8807D /* SpringEffectsTests */,
			);
		};
/* End PBXProject section */

/* Begin PBXResourcesBuildPhase section */
		56E8E9D418DE68E400B8807D /* Resources */ = {
			isa = PBXResourcesBuildPhase;
			buildActionMask = 2147483647;
			files = (
				56E8E9F218DE68E400B8807D /* Images.xcassets in Resources */,
				56E8E9E418DE68E400B8807D /* InfoPlist.strings in Resources */,
				56E8E9ED18DE68E400B8807D /* Main.storyboard in Resources */,
			);
			runOnlyForDeploymentPostprocessing = 0;
		};
		56E8E9F518DE68E400B8807D /* Resources */ = {
			isa = PBXResourcesBuildPhase;
			buildActionMask = 2147483647;
			files = (
				56E8EA0318DE68E400B8807D /* InfoPlist.strings in Resources */,
			);
			runOnlyForDeploymentPostprocessing = 0;
		};
/* End PBXResourcesBuildPhase section */

/* Begin PBXSourcesBuildPhase section */
		56E8E9D218DE68E400B8807D /* Sources */ = {
			isa = PBXSourcesBuildPhase;
			buildActionMask = 2147483647;
			files = (
				56E8E9E618DE68E400B8807D /* main.m in Sources */,
				56E8E9F018DE68E400B8807D /* AutoViewController.m in Sources */,
				56E8E9EA18DE68E400B8807D /* AutoAppDelegate.m in Sources */,
			);
			runOnlyForDeploymentPostprocessing = 0;
		};
		56E8E9F318DE68E400B8807D /* Sources */ = {
			isa = PBXSourcesBuildPhase;
			buildActionMask = 2147483647;
			files = (
				56E8EA0518DE68E400B8807D /* SpringEffectsTests.m in Sources */,
			);
			runOnlyForDeploymentPostprocessing = 0;
		};
/* End PBXSourcesBuildPhase section */

/* Begin PBXTargetDependency section */
		56E8E9FD18DE68E400B8807D /* PBXTargetDependency */ = {
			isa = PBXTargetDependency;
			target = 56E8E9D518DE68E400B8807D /* SpringEffects */;
			targetProxy = 56E8E9FC18DE68E400B8807D /* PBXContainerItemProxy */;
		};
/* End PBXTargetDependency section */

/* Begin PBXVariantGroup section */
		56E8E9E218DE68E400B8807D /* InfoPlist.strings */ = {
			isa = PBXVariantGroup;
			children = (
				56E8E9E318DE68E400B8807D /* en */,
			);
			name = InfoPlist.strings;
			sourceTree = "<group>";
		};
		56E8E9EB18DE68E400B8807D /* Main.storyboard */ = {
			isa = PBXVariantGroup;
			children = (
				56E8E9EC18DE68E400B8807D /* Base */,
			);
			name = Main.storyboard;
			sourceTree = "<group>";
		};
		56E8EA0118DE68E400B8807D /* InfoPlist.strings */ = {
			isa = PBXVariantGroup;
			children = (
				56E8EA0218DE68E400B8807D /* en */,
			);
			name = InfoPlist.strings;
			sourceTree = "<group>";
		};
/* End PBXVariantGroup section */

/* Begin XCBuildConfiguration section */
		56E8EA0618DE68E400B8807D /* Debug */ = {
			isa = XCBuildConfiguration;
			buildSettings = {
				ALWAYS_SEARCH_USER_PATHS = NO;
				ARCHS = "$(ARCHS_STANDARD_INCLUDING_64_BIT)";
				CLANG_CXX_LANGUAGE_STANDARD = "gnu++0x";
				CLANG_CXX_LIBRARY = "libc++";
				CLANG_ENABLE_MODULES = YES;
				CLANG_ENABLE_OBJC_ARC = YES;
				CLANG_WARN_BOOL_CONVERSION = YES;
				CLANG_WARN_CONSTANT_CONVERSION = YES;
				CLANG_WARN_DIRECT_OBJC_ISA_USAGE = YES_ERROR;
				CLANG_WARN_EMPTY_BODY = YES;
				CLANG_WARN_ENUM_CONVERSION = YES;
				CLANG_WARN_INT_CONVERSION = YES;
				CLANG_WARN_OBJC_ROOT_CLASS = YES_ERROR;
				CLANG_WARN__DUPLICATE_METHOD_MATCH = YES;
				"CODE_SIGN_IDENTITY[sdk=iphoneos*]" = "iPhone Developer";
				COPY_PHASE_STRIP = NO;
				GCC_C_LANGUAGE_STANDARD = gnu99;
				GCC_DYNAMIC_NO_PIC = NO;
				GCC_OPTIMIZATION_LEVEL = 0;
				GCC_PREPROCESSOR_DEFINITIONS = (
					"DEBUG=1",
					"$(inherited)",
				);
				GCC_SYMBOLS_PRIVATE_EXTERN = NO;
				GCC_WARN_64_TO_32_BIT_CONVERSION = YES;
				GCC_WARN_ABOUT_RETURN_TYPE = YES_ERROR;
				GCC_WARN_UNDECLARED_SELECTOR = YES;
				GCC_WARN_UNINITIALIZED_AUTOS = YES_AGGRESSIVE;
				GCC_WARN_UNUSED_FUNCTION = YES;
				GCC_WARN_UNUSED_VARIABLE = YES;
				IPHONEOS_DEPLOYMENT_TARGET = 7.1;
				ONLY_ACTIVE_ARCH = YES;
				SDKROOT = iphoneos;
			};
			name = Debug;
		};
		56E8EA0718DE68E400B8807D /* Release */ = {
			isa = XCBuildConfiguration;
			buildSettings = {
				ALWAYS_SEARCH_USER_PATHS = NO;
				ARCHS = "$(ARCHS_STANDARD_INCLUDING_64_BIT)";
				CLANG_CXX_LANGUAGE_STANDARD = "gnu++0x";
				CLANG_CXX_LIBRARY = "libc++";
				CLANG_ENABLE_MODULES = YES;
				CLANG_ENABLE_OBJC_ARC = YES;
				CLANG_WARN_BOOL_CONVERSION = YES;
				CLANG_WARN_CONSTANT_CONVERSION = YES;
				CLANG_WARN_DIRECT_OBJC_ISA_USAGE = YES_ERROR;
				CLANG_WARN_EMPTY_BODY = YES;
				CLANG_WARN_ENUM_CONVERSION = YES;
				CLANG_WARN_INT_CONVERSION = YES;
				CLANG_WARN_OBJC_ROOT_CLASS = YES_ERROR;
				CLANG_WARN__DUPLICATE_METHOD_MATCH = YES;
				"CODE_SIGN_IDENTITY[sdk=iphoneos*]" = "iPhone Developer";
				COPY_PHASE_STRIP = YES;
				ENABLE_NS_ASSERTIONS = NO;
				GCC_C_LANGUAGE_STANDARD = gnu99;
				GCC_WARN_64_TO_32_BIT_CONVERSION = YES;
				GCC_WARN_ABOUT_RETURN_TYPE = YES_ERROR;
				GCC_WARN_UNDECLARED_SELECTOR = YES;
				GCC_WARN_UNINITIALIZED_AUTOS = YES_AGGRESSIVE;
				GCC_WARN_UNUSED_FUNCTION = YES;
				GCC_WARN_UNUSED_VARIABLE = YES;
				IPHONEOS_DEPLOYMENT_TARGET = 7.1;
				SDKROOT = iphoneos;
				VALIDATE_PRODUCT = YES;
			};
			name = Release;
		};
		56E8EA0918DE68E400B8807D /* Debug */ = {
			isa = XCBuildConfiguration;
			buildSettings = {
				ASSETCATALOG_COMPILER_APPICON_NAME = AppIcon;
				ASSETCATALOG_COMPILER_LAUNCHIMAGE_NAME = LaunchImage;
				GCC_PRECOMPILE_PREFIX_HEADER = YES;
				GCC_PREFIX_HEADER = "SpringEffects/SpringEffects-Prefix.pch";
				INFOPLIST_FILE = "SpringEffects/SpringEffects-Info.plist";
				PRODUCT_NAME = "$(TARGET_NAME)";
				WRAPPER_EXTENSION = app;
			};
			name = Debug;
		};
		56E8EA0A18DE68E400B8807D /* Release */ = {
			isa = XCBuildConfiguration;
			buildSettings = {
				ASSETCATALOG_COMPILER_APPICON_NAME = AppIcon;
				ASSETCATALOG_COMPILER_LAUNCHIMAGE_NAME = LaunchImage;
				GCC_PRECOMPILE_PREFIX_HEADER = YES;
				GCC_PREFIX_HEADER = "SpringEffects/SpringEffects-Prefix.pch";
				INFOPLIST_FILE = "SpringEffects/SpringEffects-Info.plist";
				PRODUCT_NAME = "$(TARGET_NAME)";
				WRAPPER_EXTENSION = app;
			};
			name = Release;
		};
		56E8EA0C18DE68E400B8807D /* Debug */ = {
			isa = XCBuildConfiguration;
			buildSettings = {
				ARCHS = "$(ARCHS_STANDARD_INCLUDING_64_BIT)";
				BUNDLE_LOADER = "$(BUILT_PRODUCTS_DIR)/SpringEffects.app/SpringEffects";
				FRAMEWORK_SEARCH_PATHS = (
					"$(SDKROOT)/Developer/Library/Frameworks",
					"$(inherited)",
					"$(DEVELOPER_FRAMEWORKS_DIR)",
				);
				GCC_PRECOMPILE_PREFIX_HEADER = YES;
				GCC_PREFIX_HEADER = "SpringEffects/SpringEffects-Prefix.pch";
				GCC_PREPROCESSOR_DEFINITIONS = (
					"DEBUG=1",
					"$(inherited)",
				);
				INFOPLIST_FILE = "SpringEffectsTests/SpringEffectsTests-Info.plist";
				PRODUCT_NAME = "$(TARGET_NAME)";
				TEST_HOST = "$(BUNDLE_LOADER)";
				WRAPPER_EXTENSION = xctest;
			};
			name = Debug;
		};
		56E8EA0D18DE68E400B8807D /* Release */ = {
			isa = XCBuildConfiguration;
			buildSettings = {
				ARCHS = "$(ARCHS_STANDARD_INCLUDING_64_BIT)";
				BUNDLE_LOADER = "$(BUILT_PRODUCTS_DIR)/SpringEffects.app/SpringEffects";
				FRAMEWORK_SEARCH_PATHS = (
					"$(SDKROOT)/Developer/Library/Frameworks",
					"$(inherited)",
					"$(DEVELOPER_FRAMEWORKS_DIR)",
				);
				GCC_PRECOMPILE_PREFIX_HEADER = YES;
				GCC_PREFIX_HEADER = "SpringEffects/SpringEffects-Prefix.pch";
				INFOPLIST_FILE = "SpringEffectsTests/SpringEffectsTests-Info.plist";
				PRODUCT_NAME = "$(TARGET_NAME)";
				TEST_HOST = "$(BUNDLE_LOADER)";
				WRAPPER_EXTENSION = xctest;
			};
			name = Release;
		};
/* End XCBuildConfiguration section */

/* Begin XCConfigurationList section */
		56E8E9D118DE68E400B8807D /* Build configuration list for PBXProject "SpringEffects" */ = {
			isa = XCConfigurationList;
			buildConfigurations = (
				56E8EA0618DE68E400B8807D /* Debug */,
				56E8EA0718DE68E400B8807D /* Release */,
			);
			defaultConfigurationIsVisible = 0;
			defaultConfigurationName = Release;
		};
		56E8EA0818DE68E400B8807D /* Build configuration list for PBXNativeTarget "SpringEffects" */ = {
			isa = XCConfigurationList;
			buildConfigurations = (
				56E8EA0918DE68E400B8807D /* Debug */,
				56E8EA0A18DE68E400B8807D /* Release */,
			);
			defaultConfigurationIsVisible = 0;
		};
		56E8EA0B18DE68E400B8807D /* Build configuration list for PBXNativeTarget "SpringEffectsTests" */ = {
			isa = XCConfigurationList;
			buildConfigurations = (
				56E8EA0C18DE68E400B8807D /* Debug */,
				56E8EA0D18DE68E400B8807D /* Release */,
			);
			defaultConfigurationIsVisible = 0;
		};
/* End XCConfigurationList section */
	};
	rootObject = 56E8E9CE18DE68E400B8807D /* Project object */;
}
